
Microsoft Visual Studio Solution File, Format Version 12.00
# Visual Studio Version 16
VisualStudioVersion = 16.0.30204.135
MinimumVisualStudioVersion = 10.0.40219.1
Project("{2150E333-8FDC-42A3-9474-1A3956D46DE8}") = "1 - Services", "1 - Services", "{435F19A8-D99C-404F-9CC1-0A074EF6EDD8}"
EndProject
Project("{2150E333-8FDC-42A3-9474-1A3956D46DE8}") = "2 - Application", "2 - Application", "{46FB84F7-3E9E-4A71-B566-594DCA353151}"
EndProject
Project("{2150E333-8FDC-42A3-9474-1A3956D46DE8}") = "3 - Domain", "3 - Domain", "{98008DC9-FFC6-407C-A16A-718F264A8135}"
EndProject
Project("{2150E333-8FDC-42A3-9474-1A3956D46DE8}") = "4 - Infrastructure", "4 - Infrastructure", "{9CFCC057-3FBD-48AC-AE7E-D43584DA63A8}"
EndProject
Project("{9A19103F-16F7-4668-BE54-9A1E7A4F7556}") = "RestApiEnquete.API", "RestApiEnquete.API\RestApiEnquete.API.csproj", "{0932581E-3665-4E8D-A0EF-569742DC5C81}"
EndProject
Project("{9A19103F-16F7-4668-BE54-9A1E7A4F7556}") = "RestApiEnquete.Application", "RestApiEnquete.Application\RestApiEnquete.Application.csproj", "{334200D6-FDC4-4DFB-93B2-9F2E0440914F}"
EndProject
Project("{9A19103F-16F7-4668-BE54-9A1E7A4F7556}") = "RestApiEnquete.Domain", "RestApiEnquete.Domain\RestApiEnquete.Domain.csproj", "{90F24B7F-3170-4AA6-B02E-2DB198919E69}"
EndProject
Project("{9A19103F-16F7-4668-BE54-9A1E7A4F7556}") = "RestApiEnquete.Domain.Core", "RestApiEnquete.Domain.Core\RestApiEnquete.Domain.Core.csproj", "{6F1BE776-03E5-4F77-A861-36977635F4A4}"
EndProject
Project("{9A19103F-16F7-4668-BE54-9A1E7A4F7556}") = "RestApiEnquete.Domain.Services", "RestApiEnquete.Domain.Services\RestApiEnquete.Domain.Services.csproj", "{C093FD2D-68D9-4ED7-9C35-F221EA371F62}"
EndProject
Project("{9A19103F-16F7-4668-BE54-9A1E7A4F7556}") = "RestApiEnquete.Infrastructure", "RestApiEnquete.Infrastructure\RestApiEnquete.Infrastructure.csproj", "{E3F73247-48B7-4819-A951-370B99D26893}"
EndProject
Global
	GlobalSection(SolutionConfigurationPlatforms) = preSolution
		Debug|Any CPU = Debug|Any CPU
		Release|Any CPU = Release|Any CPU
	EndGlobalSection
	GlobalSection(ProjectConfigurationPlatforms) = postSolution
		{0932581E-3665-4E8D-A0EF-569742DC5C81}.Debug|Any CPU.ActiveCfg = Debug|Any CPU
		{0932581E-3665-4E8D-A0EF-569742DC5C81}.Debug|Any CPU.Build.0 = Debug|Any CPU
		{0932581E-3665-4E8D-A0EF-569742DC5C81}.Release|Any CPU.ActiveCfg = Release|Any CPU
		{0932581E-3665-4E8D-A0EF-569742DC5C81}.Release|Any CPU.Build.0 = Release|Any CPU
		{334200D6-FDC4-4DFB-93B2-9F2E0440914F}.Debug|Any CPU.ActiveCfg = Debug|Any CPU
		{334200D6-FDC4-4DFB-93B2-9F2E0440914F}.Debug|Any CPU.Build.0 = Debug|Any CPU
		{334200D6-FDC4-4DFB-93B2-9F2E0440914F}.Release|Any CPU.ActiveCfg = Release|Any CPU
		{334200D6-FDC4-4DFB-93B2-9F2E0440914F}.Release|Any CPU.Build.0 = Release|Any CPU
		{90F24B7F-3170-4AA6-B02E-2DB198919E69}.Debug|Any CPU.ActiveCfg = Debug|Any CPU
		{90F24B7F-3170-4AA6-B02E-2DB198919E69}.Debug|Any CPU.Build.0 = Debug|Any CPU
		{90F24B7F-3170-4AA6-B02E-2DB198919E69}.Release|Any CPU.ActiveCfg = Release|Any CPU
		{90F24B7F-3170-4AA6-B02E-2DB198919E69}.Release|Any CPU.Build.0 = Release|Any CPU
		{6F1BE776-03E5-4F77-A861-36977635F4A4}.Debug|Any CPU.ActiveCfg = Debug|Any CPU
		{6F1BE776-03E5-4F77-A861-36977635F4A4}.Debug|Any CPU.Build.0 = Debug|Any CPU
		{6F1BE776-03E5-4F77-A861-36977635F4A4}.Release|Any CPU.ActiveCfg = Release|Any CPU
		{6F1BE776-03E5-4F77-A861-36977635F4A4}.Release|Any CPU.Build.0 = Release|Any CPU
		{C093FD2D-68D9-4ED7-9C35-F221EA371F62}.Debug|Any CPU.ActiveCfg = Debug|Any CPU
		{C093FD2D-68D9-4ED7-9C35-F221EA371F62}.Debug|Any CPU.Build.0 = Debug|Any CPU
		{C093FD2D-68D9-4ED7-9C35-F221EA371F62}.Release|Any CPU.ActiveCfg = Release|Any CPU
		{C093FD2D-68D9-4ED7-9C35-F221EA371F62}.Release|Any CPU.Build.0 = Release|Any CPU
		{E3F73247-48B7-4819-A951-370B99D26893}.Debug|Any CPU.ActiveCfg = Debug|Any CPU
		{E3F73247-48B7-4819-A951-370B99D26893}.Debug|Any CPU.Build.0 = Debug|Any CPU
		{E3F73247-48B7-4819-A951-370B99D26893}.Release|Any CPU.ActiveCfg = Release|Any CPU
		{E3F73247-48B7-4819-A951-370B99D26893}.Release|Any CPU.Build.0 = Release|Any CPU
	EndGlobalSection
	GlobalSection(SolutionProperties) = preSolution
		HideSolutionNode = FALSE
	EndGlobalSection
	GlobalSection(NestedProjects) = preSolution
		{0932581E-3665-4E8D-A0EF-569742DC5C81} = {435F19A8-D99C-404F-9CC1-0A074EF6EDD8}
		{334200D6-FDC4-4DFB-93B2-9F2E0440914F} = {46FB84F7-3E9E-4A71-B566-594DCA353151}
		{90F24B7F-3170-4AA6-B02E-2DB198919E69} = {98008DC9-FFC6-407C-A16A-718F264A8135}
		{6F1BE776-03E5-4F77-A861-36977635F4A4} = {98008DC9-FFC6-407C-A16A-718F264A8135}
		{C093FD2D-68D9-4ED7-9C35-F221EA371F62} = {98008DC9-FFC6-407C-A16A-718F264A8135}
		{E3F73247-48B7-4819-A951-370B99D26893} = {9CFCC057-3FBD-48AC-AE7E-D43584DA63A8}
	EndGlobalSection
	GlobalSection(ExtensibilityGlobals) = postSolution
		SolutionGuid = {956AAE86-1A0C-4A5C-8E20-6087B6A33D0A}
	EndGlobalSection
EndGlobal
